// !$*UTF8*$!
{
	archiveVersion = 1;
	classes = {
	};
	objectVersion = 55;
	objects = {

/* Begin PBXBuildFile section */
		4F08993E2780939B00A3BE95 /* Assets.xcassets in Resources */ = {isa = PBXBuildFile; fileRef = 4F08993D2780939B00A3BE95 /* Assets.xcassets */; };
		4F0899412780939B00A3BE95 /* Preview Assets.xcassets in Resources */ = {isa = PBXBuildFile; fileRef = 4F0899402780939B00A3BE95 /* Preview Assets.xcassets */; };
		4F08994B2780939B00A3BE95 /* tinder_cloneTests.swift in Sources */ = {isa = PBXBuildFile; fileRef = 4F08994A2780939B00A3BE95 /* tinder_cloneTests.swift */; };
		4F0899552780939B00A3BE95 /* tinder_cloneUITests.swift in Sources */ = {isa = PBXBuildFile; fileRef = 4F0899542780939B00A3BE95 /* tinder_cloneUITests.swift */; };
		4F0899572780939B00A3BE95 /* tinder_cloneUITestsLaunchTests.swift in Sources */ = {isa = PBXBuildFile; fileRef = 4F0899562780939B00A3BE95 /* tinder_cloneUITestsLaunchTests.swift */; };
		4F08996D278094E600A3BE95 /* FirebaseAuth in Frameworks */ = {isa = PBXBuildFile; productRef = 4F08996C278094E600A3BE95 /* FirebaseAuth */; };
		4F08996F278094E600A3BE95 /* FirebaseFirestore in Frameworks */ = {isa = PBXBuildFile; productRef = 4F08996E278094E600A3BE95 /* FirebaseFirestore */; };
		4F089971278094E600A3BE95 /* FirebaseStorage in Frameworks */ = {isa = PBXBuildFile; productRef = 4F089970278094E600A3BE95 /* FirebaseStorage */; };
		4F089974278095B300A3BE95 /* GoogleSignIn in Frameworks */ = {isa = PBXBuildFile; productRef = 4F089973278095B300A3BE95 /* GoogleSignIn */; };
		4F0899852781007900A3BE95 /* GoogleService-Info.plist in Resources */ = {isa = PBXBuildFile; fileRef = 4F0899842781007900A3BE95 /* GoogleService-Info.plist */; };
		4F31455427837E5C008D5D4A /* FirebaseFirestoreSwift-Beta in Frameworks */ = {isa = PBXBuildFile; productRef = 4F31455327837E5C008D5D4A /* FirebaseFirestoreSwift-Beta */; };
		4F5B5DD22926AA52000E89B0 /* FirestoreRepository.swift in Sources */ = {isa = PBXBuildFile; fileRef = 4F5B5DC72926AA52000E89B0 /* FirestoreRepository.swift */; };
		4F5B5DD32926AA52000E89B0 /* StorageRepository.swift in Sources */ = {isa = PBXBuildFile; fileRef = 4F5B5DC82926AA52000E89B0 /* StorageRepository.swift */; };
		4F5B5DD42926AA52000E89B0 /* MessageModel.swift in Sources */ = {isa = PBXBuildFile; fileRef = 4F5B5DC92926AA52000E89B0 /* MessageModel.swift */; };
		4F5B5DD52926AA52000E89B0 /* FirestoreMatch.swift in Sources */ = {isa = PBXBuildFile; fileRef = 4F5B5DCB2926AA52000E89B0 /* FirestoreMatch.swift */; };
		4F5B5DD62926AA52000E89B0 /* FirestoreUser.swift in Sources */ = {isa = PBXBuildFile; fileRef = 4F5B5DCC2926AA52000E89B0 /* FirestoreUser.swift */; };
		4F5B5DD72926AA52000E89B0 /* FirestoreMessage.swift in Sources */ = {isa = PBXBuildFile; fileRef = 4F5B5DCD2926AA52000E89B0 /* FirestoreMessage.swift */; };
		4F5B5DD82926AA52000E89B0 /* MatchModel.swift in Sources */ = {isa = PBXBuildFile; fileRef = 4F5B5DCE2926AA52000E89B0 /* MatchModel.swift */; };
		4F5B5DD92926AA52000E89B0 /* UserModel.swift in Sources */ = {isa = PBXBuildFile; fileRef = 4F5B5DCF2926AA52000E89B0 /* UserModel.swift */; };
		4F5B5E0F2926AA5E000E89B0 /* HomeViewModel.swift in Sources */ = {isa = PBXBuildFile; fileRef = 4F5B5DDD2926AA5E000E89B0 /* HomeViewModel.swift */; };
		4F5B5E102926AA5E000E89B0 /* HomeView.swift in Sources */ = {isa = PBXBuildFile; fileRef = 4F5B5DDE2926AA5E000E89B0 /* HomeView.swift */; };
		4F5B5E112926AA5E000E89B0 /* SwipeView.swift in Sources */ = {isa = PBXBuildFile; fileRef = 4F5B5DDF2926AA5E000E89B0 /* SwipeView.swift */; };
		4F5B5E122926AA5E000E89B0 /* ContentViewModel.swift in Sources */ = {isa = PBXBuildFile; fileRef = 4F5B5DE12926AA5E000E89B0 /* ContentViewModel.swift */; };
		4F5B5E132926AA5E000E89B0 /* ContentView.swift in Sources */ = {isa = PBXBuildFile; fileRef = 4F5B5DE22926AA5E000E89B0 /* ContentView.swift */; };
		4F5B5E142926AA5E000E89B0 /* tinder_cloneApp.swift in Sources */ = {isa = PBXBuildFile; fileRef = 4F5B5DE32926AA5E000E89B0 /* tinder_cloneApp.swift */; };
		4F5B5E152926AA5E000E89B0 /* ChatViewModel.swift in Sources */ = {isa = PBXBuildFile; fileRef = 4F5B5DE52926AA5E000E89B0 /* ChatViewModel.swift */; };
		4F5B5E162926AA5E000E89B0 /* ChatView.swift in Sources */ = {isa = PBXBuildFile; fileRef = 4F5B5DE62926AA5E000E89B0 /* ChatView.swift */; };
		4F5B5E172926AA5E000E89B0 /* MessageView.swift in Sources */ = {isa = PBXBuildFile; fileRef = 4F5B5DE72926AA5E000E89B0 /* MessageView.swift */; };
		4F5B5E182926AA5E000E89B0 /* EditProfileView.swift in Sources */ = {isa = PBXBuildFile; fileRef = 4F5B5DE92926AA5E000E89B0 /* EditProfileView.swift */; };
		4F5B5E192926AA5E000E89B0 /* EditProfileViewModel.swift in Sources */ = {isa = PBXBuildFile; fileRef = 4F5B5DEA2926AA5E000E89B0 /* EditProfileViewModel.swift */; };
		4F5B5E1A2926AA5E000E89B0 /* CameraPreview.swift in Sources */ = {isa = PBXBuildFile; fileRef = 4F5B5DEC2926AA5E000E89B0 /* CameraPreview.swift */; };
		4F5B5E1B2926AA5E000E89B0 /* CameraService.swift in Sources */ = {isa = PBXBuildFile; fileRef = 4F5B5DED2926AA5E000E89B0 /* CameraService.swift */; };
		4F5B5E1C2926AA5E000E89B0 /* ContentMessageView.swift in Sources */ = {isa = PBXBuildFile; fileRef = 4F5B5DEF2926AA5E000E89B0 /* ContentMessageView.swift */; };
		4F5B5E1D2926AA5E000E89B0 /* MatchItemView.swift in Sources */ = {isa = PBXBuildFile; fileRef = 4F5B5DF02926AA5E000E89B0 /* MatchItemView.swift */; };
		4F5B5E1E2926AA5E000E89B0 /* MatchListViewModel.swift in Sources */ = {isa = PBXBuildFile; fileRef = 4F5B5DF12926AA5E000E89B0 /* MatchListViewModel.swift */; };
		4F5B5E1F2926AA5E000E89B0 /* MatchListView.swift in Sources */ = {isa = PBXBuildFile; fileRef = 4F5B5DF22926AA5E000E89B0 /* MatchListView.swift */; };
		4F5B5E202926AA5E000E89B0 /* Constants.swift in Sources */ = {isa = PBXBuildFile; fileRef = 4F5B5DF42926AA5E000E89B0 /* Constants.swift */; };
		4F5B5E212926AA5E000E89B0 /* TouchLocatingView.swift in Sources */ = {isa = PBXBuildFile; fileRef = 4F5B5DF52926AA5E000E89B0 /* TouchLocatingView.swift */; };
		4F5B5E222926AA5E000E89B0 /* ReorderableForEach.swift in Sources */ = {isa = PBXBuildFile; fileRef = 4F5B5DF62926AA5E000E89B0 /* ReorderableForEach.swift */; };
		4F5B5E232926AA5E000E89B0 /* ImagePicker.swift in Sources */ = {isa = PBXBuildFile; fileRef = 4F5B5DF72926AA5E000E89B0 /* ImagePicker.swift */; };
		4F5B5E242926AA5E000E89B0 /* Extensions.swift in Sources */ = {isa = PBXBuildFile; fileRef = 4F5B5DF82926AA5E000E89B0 /* Extensions.swift */; };
		4F5B5E252926AA5E000E89B0 /* AppColor.swift in Sources */ = {isa = PBXBuildFile; fileRef = 4F5B5DF92926AA5E000E89B0 /* AppColor.swift */; };
		4F5B5E262926AA5E000E89B0 /* DropOutsideDelegate.swift in Sources */ = {isa = PBXBuildFile; fileRef = 4F5B5DFA2926AA5E000E89B0 /* DropOutsideDelegate.swift */; };
		4F5B5E272926AA5E000E89B0 /* FilledLoadingView.swift in Sources */ = {isa = PBXBuildFile; fileRef = 4F5B5DFB2926AA5E000E89B0 /* FilledLoadingView.swift */; };
		4F5B5E282926AA5E000E89B0 /* GradientOutlineButton.swift in Sources */ = {isa = PBXBuildFile; fileRef = 4F5B5DFC2926AA5E000E89B0 /* GradientOutlineButton.swift */; };
		4F5B5E292926AA5E000E89B0 /* DragRelocateDelegate.swift in Sources */ = {isa = PBXBuildFile; fileRef = 4F5B5DFD2926AA5E000E89B0 /* DragRelocateDelegate.swift */; };
		4F5B5E2A2926AA5E000E89B0 /* LoadingView.swift in Sources */ = {isa = PBXBuildFile; fileRef = 4F5B5DFE2926AA5E000E89B0 /* LoadingView.swift */; };
		4F5B5E2B2926AA5E000E89B0 /* ProfileSection.swift in Sources */ = {isa = PBXBuildFile; fileRef = 4F5B5E002926AA5E000E89B0 /* ProfileSection.swift */; };
		4F5B5E2C2926AA5E000E89B0 /* AddedImageView.swift in Sources */ = {isa = PBXBuildFile; fileRef = 4F5B5E012926AA5E000E89B0 /* AddedImageView.swift */; };
		4F5B5E2D2926AA5E000E89B0 /* ProfileTextEditor.swift in Sources */ = {isa = PBXBuildFile; fileRef = 4F5B5E022926AA5E000E89B0 /* ProfileTextEditor.swift */; };
		4F5B5E2E2926AA5E000E89B0 /* ProfileRow.swift in Sources */ = {isa = PBXBuildFile; fileRef = 4F5B5E032926AA5E000E89B0 /* ProfileRow.swift */; };
		4F5B5E2F2926AA5E000E89B0 /* ProfileForm.swift in Sources */ = {isa = PBXBuildFile; fileRef = 4F5B5E042926AA5E000E89B0 /* ProfileForm.swift */; };
		4F5B5E302926AA5E000E89B0 /* AddImageView.swift in Sources */ = {isa = PBXBuildFile; fileRef = 4F5B5E052926AA5E000E89B0 /* AddImageView.swift */; };
		4F5B5E312926AA5E000E89B0 /* ProfileLabel.swift in Sources */ = {isa = PBXBuildFile; fileRef = 4F5B5E062926AA5E000E89B0 /* ProfileLabel.swift */; };
		4F5B5E322926AA5E000E89B0 /* ContentTypeView.swift in Sources */ = {isa = PBXBuildFile; fileRef = 4F5B5E072926AA5E000E89B0 /* ContentTypeView.swift */; };
		4F5B5E332926AA5E000E89B0 /* PictureGridView.swift in Sources */ = {isa = PBXBuildFile; fileRef = 4F5B5E082926AA5E000E89B0 /* PictureGridView.swift */; };
		4F5B5E342926AA5E000E89B0 /* CreateProfileView.swift in Sources */ = {isa = PBXBuildFile; fileRef = 4F5B5E0A2926AA5E000E89B0 /* CreateProfileView.swift */; };
		4F5B5E352926AA5E000E89B0 /* CreateProfileViewModel.swift in Sources */ = {isa = PBXBuildFile; fileRef = 4F5B5E0B2926AA5E000E89B0 /* CreateProfileViewModel.swift */; };
		4F5B5E362926AA5E000E89B0 /* LoginViewModel.swift in Sources */ = {isa = PBXBuildFile; fileRef = 4F5B5E0D2926AA5E000E89B0 /* LoginViewModel.swift */; };
		4F5B5E372926AA5E000E89B0 /* LoginView.swift in Sources */ = {isa = PBXBuildFile; fileRef = 4F5B5E0E2926AA5E000E89B0 /* LoginView.swift */; };
		4FBBA11B27977419003BC15D /* Localizable.strings in Resources */ = {isa = PBXBuildFile; fileRef = 4FBBA11D27977419003BC15D /* Localizable.strings */; };
/* End PBXBuildFile section */

/* Begin PBXContainerItemProxy section */
		4F0899472780939B00A3BE95 /* PBXContainerItemProxy */ = {
			isa = PBXContainerItemProxy;
			containerPortal = 4F08992E2780939A00A3BE95 /* Project object */;
			proxyType = 1;
			remoteGlobalIDString = 4F0899352780939A00A3BE95;
			remoteInfo = "tinder-clone";
		};
		4F0899512780939B00A3BE95 /* PBXContainerItemProxy */ = {
			isa = PBXContainerItemProxy;
			containerPortal = 4F08992E2780939A00A3BE95 /* Project object */;
			proxyType = 1;
			remoteGlobalIDString = 4F0899352780939A00A3BE95;
			remoteInfo = "tinder-clone";
		};
/* End PBXContainerItemProxy section */

/* Begin PBXFileReference section */
		4F0899362780939A00A3BE95 /* Tinder Clone.app */ = {isa = PBXFileReference; explicitFileType = wrapper.application; includeInIndex = 0; path = "Tinder Clone.app"; sourceTree = BUILT_PRODUCTS_DIR; };
		4F08993D2780939B00A3BE95 /* Assets.xcassets */ = {isa = PBXFileReference; lastKnownFileType = folder.assetcatalog; path = Assets.xcassets; sourceTree = "<group>"; };
		4F0899402780939B00A3BE95 /* Preview Assets.xcassets */ = {isa = PBXFileReference; lastKnownFileType = folder.assetcatalog; path = "Preview Assets.xcassets"; sourceTree = "<group>"; };
		4F0899462780939B00A3BE95 /* tinder-cloneTests.xctest */ = {isa = PBXFileReference; explicitFileType = wrapper.cfbundle; includeInIndex = 0; path = "tinder-cloneTests.xctest"; sourceTree = BUILT_PRODUCTS_DIR; };
		4F08994A2780939B00A3BE95 /* tinder_cloneTests.swift */ = {isa = PBXFileReference; lastKnownFileType = sourcecode.swift; path = tinder_cloneTests.swift; sourceTree = "<group>"; };
		4F0899502780939B00A3BE95 /* tinder-cloneUITests.xctest */ = {isa = PBXFileReference; explicitFileType = wrapper.cfbundle; includeInIndex = 0; path = "tinder-cloneUITests.xctest"; sourceTree = BUILT_PRODUCTS_DIR; };
		4F0899542780939B00A3BE95 /* tinder_cloneUITests.swift */ = {isa = PBXFileReference; lastKnownFileType = sourcecode.swift; path = tinder_cloneUITests.swift; sourceTree = "<group>"; };
		4F0899562780939B00A3BE95 /* tinder_cloneUITestsLaunchTests.swift */ = {isa = PBXFileReference; lastKnownFileType = sourcecode.swift; path = tinder_cloneUITestsLaunchTests.swift; sourceTree = "<group>"; };
		4F0899752780963500A3BE95 /* Info.plist */ = {isa = PBXFileReference; lastKnownFileType = text.plist; path = Info.plist; sourceTree = "<group>"; };
		4F0899842781007900A3BE95 /* GoogleService-Info.plist */ = {isa = PBXFileReference; fileEncoding = 4; lastKnownFileType = text.plist.xml; path = "GoogleService-Info.plist"; sourceTree = "<group>"; };
		4F5B5DC72926AA52000E89B0 /* FirestoreRepository.swift */ = {isa = PBXFileReference; fileEncoding = 4; lastKnownFileType = sourcecode.swift; path = FirestoreRepository.swift; sourceTree = "<group>"; };
		4F5B5DC82926AA52000E89B0 /* StorageRepository.swift */ = {isa = PBXFileReference; fileEncoding = 4; lastKnownFileType = sourcecode.swift; path = StorageRepository.swift; sourceTree = "<group>"; };
		4F5B5DC92926AA52000E89B0 /* MessageModel.swift */ = {isa = PBXFileReference; fileEncoding = 4; lastKnownFileType = sourcecode.swift; path = MessageModel.swift; sourceTree = "<group>"; };
		4F5B5DCB2926AA52000E89B0 /* FirestoreMatch.swift */ = {isa = PBXFileReference; fileEncoding = 4; lastKnownFileType = sourcecode.swift; path = FirestoreMatch.swift; sourceTree = "<group>"; };
		4F5B5DCC2926AA52000E89B0 /* FirestoreUser.swift */ = {isa = PBXFileReference; fileEncoding = 4; lastKnownFileType = sourcecode.swift; path = FirestoreUser.swift; sourceTree = "<group>"; };
		4F5B5DCD2926AA52000E89B0 /* FirestoreMessage.swift */ = {isa = PBXFileReference; fileEncoding = 4; lastKnownFileType = sourcecode.swift; path = FirestoreMessage.swift; sourceTree = "<group>"; };
		4F5B5DCE2926AA52000E89B0 /* MatchModel.swift */ = {isa = PBXFileReference; fileEncoding = 4; lastKnownFileType = sourcecode.swift; path = MatchModel.swift; sourceTree = "<group>"; };
		4F5B5DCF2926AA52000E89B0 /* UserModel.swift */ = {isa = PBXFileReference; fileEncoding = 4; lastKnownFileType = sourcecode.swift; path = UserModel.swift; sourceTree = "<group>"; };
		4F5B5DDD2926AA5E000E89B0 /* HomeViewModel.swift */ = {isa = PBXFileReference; fileEncoding = 4; lastKnownFileType = sourcecode.swift; path = HomeViewModel.swift; sourceTree = "<group>"; };
		4F5B5DDE2926AA5E000E89B0 /* HomeView.swift */ = {isa = PBXFileReference; fileEncoding = 4; lastKnownFileType = sourcecode.swift; path = HomeView.swift; sourceTree = "<group>"; };
		4F5B5DDF2926AA5E000E89B0 /* SwipeView.swift */ = {isa = PBXFileReference; fileEncoding = 4; lastKnownFileType = sourcecode.swift; path = SwipeView.swift; sourceTree = "<group>"; };
		4F5B5DE12926AA5E000E89B0 /* ContentViewModel.swift */ = {isa = PBXFileReference; fileEncoding = 4; lastKnownFileType = sourcecode.swift; path = ContentViewModel.swift; sourceTree = "<group>"; };
		4F5B5DE22926AA5E000E89B0 /* ContentView.swift */ = {isa = PBXFileReference; fileEncoding = 4; lastKnownFileType = sourcecode.swift; path = ContentView.swift; sourceTree = "<group>"; };
		4F5B5DE32926AA5E000E89B0 /* tinder_cloneApp.swift */ = {isa = PBXFileReference; fileEncoding = 4; lastKnownFileType = sourcecode.swift; path = tinder_cloneApp.swift; sourceTree = "<group>"; };
		4F5B5DE52926AA5E000E89B0 /* ChatViewModel.swift */ = {isa = PBXFileReference; fileEncoding = 4; lastKnownFileType = sourcecode.swift; path = ChatViewModel.swift; sourceTree = "<group>"; };
		4F5B5DE62926AA5E000E89B0 /* ChatView.swift */ = {isa = PBXFileReference; fileEncoding = 4; lastKnownFileType = sourcecode.swift; path = ChatView.swift; sourceTree = "<group>"; };
		4F5B5DE72926AA5E000E89B0 /* MessageView.swift */ = {isa = PBXFileReference; fileEncoding = 4; lastKnownFileType = sourcecode.swift; path = MessageView.swift; sourceTree = "<group>"; };
		4F5B5DE92926AA5E000E89B0 /* EditProfileView.swift */ = {isa = PBXFileReference; fileEncoding = 4; lastKnownFileType = sourcecode.swift; path = EditProfileView.swift; sourceTree = "<group>"; };
		4F5B5DEA2926AA5E000E89B0 /* EditProfileViewModel.swift */ = {isa = PBXFileReference; fileEncoding = 4; lastKnownFileType = sourcecode.swift; path = EditProfileViewModel.swift; sourceTree = "<group>"; };
		4F5B5DEC2926AA5E000E89B0 /* CameraPreview.swift */ = {isa = PBXFileReference; fileEncoding = 4; lastKnownFileType = sourcecode.swift; path = CameraPreview.swift; sourceTree = "<group>"; };
		4F5B5DED2926AA5E000E89B0 /* CameraService.swift */ = {isa = PBXFileReference; fileEncoding = 4; lastKnownFileType = sourcecode.swift; path = CameraService.swift; sourceTree = "<group>"; };
		4F5B5DEF2926AA5E000E89B0 /* ContentMessageView.swift */ = {isa = PBXFileReference; fileEncoding = 4; lastKnownFileType = sourcecode.swift; path = ContentMessageView.swift; sourceTree = "<group>"; };
		4F5B5DF02926AA5E000E89B0 /* MatchItemView.swift */ = {isa = PBXFileReference; fileEncoding = 4; lastKnownFileType = sourcecode.swift; path = MatchItemView.swift; sourceTree = "<group>"; };
		4F5B5DF12926AA5E000E89B0 /* MatchListViewModel.swift */ = {isa = PBXFileReference; fileEncoding = 4; lastKnownFileType = sourcecode.swift; path = MatchListViewModel.swift; sourceTree = "<group>"; };
		4F5B5DF22926AA5E000E89B0 /* MatchListView.swift */ = {isa = PBXFileReference; fileEncoding = 4; lastKnownFileType = sourcecode.swift; path = MatchListView.swift; sourceTree = "<group>"; };
		4F5B5DF42926AA5E000E89B0 /* Constants.swift */ = {isa = PBXFileReference; fileEncoding = 4; lastKnownFileType = sourcecode.swift; path = Constants.swift; sourceTree = "<group>"; };
		4F5B5DF52926AA5E000E89B0 /* TouchLocatingView.swift */ = {isa = PBXFileReference; fileEncoding = 4; lastKnownFileType = sourcecode.swift; path = TouchLocatingView.swift; sourceTree = "<group>"; };
		4F5B5DF62926AA5E000E89B0 /* ReorderableForEach.swift */ = {isa = PBXFileReference; fileEncoding = 4; lastKnownFileType = sourcecode.swift; path = ReorderableForEach.swift; sourceTree = "<group>"; };
		4F5B5DF72926AA5E000E89B0 /* ImagePicker.swift */ = {isa = PBXFileReference; fileEncoding = 4; lastKnownFileType = sourcecode.swift; path = ImagePicker.swift; sourceTree = "<group>"; };
		4F5B5DF82926AA5E000E89B0 /* Extensions.swift */ = {isa = PBXFileReference; fileEncoding = 4; lastKnownFileType = sourcecode.swift; path = Extensions.swift; sourceTree = "<group>"; };
		4F5B5DF92926AA5E000E89B0 /* AppColor.swift */ = {isa = PBXFileReference; fileEncoding = 4; lastKnownFileType = sourcecode.swift; path = AppColor.swift; sourceTree = "<group>"; };
		4F5B5DFA2926AA5E000E89B0 /* DropOutsideDelegate.swift */ = {isa = PBXFileReference; fileEncoding = 4; lastKnownFileType = sourcecode.swift; path = DropOutsideDelegate.swift; sourceTree = "<group>"; };
		4F5B5DFB2926AA5E000E89B0 /* FilledLoadingView.swift */ = {isa = PBXFileReference; fileEncoding = 4; lastKnownFileType = sourcecode.swift; path = FilledLoadingView.swift; sourceTree = "<group>"; };
		4F5B5DFC2926AA5E000E89B0 /* GradientOutlineButton.swift */ = {isa = PBXFileReference; fileEncoding = 4; lastKnownFileType = sourcecode.swift; path = GradientOutlineButton.swift; sourceTree = "<group>"; };
		4F5B5DFD2926AA5E000E89B0 /* DragRelocateDelegate.swift */ = {isa = PBXFileReference; fileEncoding = 4; lastKnownFileType = sourcecode.swift; path = DragRelocateDelegate.swift; sourceTree = "<group>"; };
		4F5B5DFE2926AA5E000E89B0 /* LoadingView.swift */ = {isa = PBXFileReference; fileEncoding = 4; lastKnownFileType = sourcecode.swift; path = LoadingView.swift; sourceTree = "<group>"; };
		4F5B5E002926AA5E000E89B0 /* ProfileSection.swift */ = {isa = PBXFileReference; fileEncoding = 4; lastKnownFileType = sourcecode.swift; path = ProfileSection.swift; sourceTree = "<group>"; };
		4F5B5E012926AA5E000E89B0 /* AddedImageView.swift */ = {isa = PBXFileReference; fileEncoding = 4; lastKnownFileType = sourcecode.swift; path = AddedImageView.swift; sourceTree = "<group>"; };
		4F5B5E022926AA5E000E89B0 /* ProfileTextEditor.swift */ = {isa = PBXFileReference; fileEncoding = 4; lastKnownFileType = sourcecode.swift; path = ProfileTextEditor.swift; sourceTree = "<group>"; };
		4F5B5E032926AA5E000E89B0 /* ProfileRow.swift */ = {isa = PBXFileReference; fileEncoding = 4; lastKnownFileType = sourcecode.swift; path = ProfileRow.swift; sourceTree = "<group>"; };
		4F5B5E042926AA5E000E89B0 /* ProfileForm.swift */ = {isa = PBXFileReference; fileEncoding = 4; lastKnownFileType = sourcecode.swift; path = ProfileForm.swift; sourceTree = "<group>"; };
		4F5B5E052926AA5E000E89B0 /* AddImageView.swift */ = {isa = PBXFileReference; fileEncoding = 4; lastKnownFileType = sourcecode.swift; path = AddImageView.swift; sourceTree = "<group>"; };
		4F5B5E062926AA5E000E89B0 /* ProfileLabel.swift */ = {isa = PBXFileReference; fileEncoding = 4; lastKnownFileType = sourcecode.swift; path = ProfileLabel.swift; sourceTree = "<group>"; };
		4F5B5E072926AA5E000E89B0 /* ContentTypeView.swift */ = {isa = PBXFileReference; fileEncoding = 4; lastKnownFileType = sourcecode.swift; path = ContentTypeView.swift; sourceTree = "<group>"; };
		4F5B5E082926AA5E000E89B0 /* PictureGridView.swift */ = {isa = PBXFileReference; fileEncoding = 4; lastKnownFileType = sourcecode.swift; path = PictureGridView.swift; sourceTree = "<group>"; };
		4F5B5E0A2926AA5E000E89B0 /* CreateProfileView.swift */ = {isa = PBXFileReference; fileEncoding = 4; lastKnownFileType = sourcecode.swift; path = CreateProfileView.swift; sourceTree = "<group>"; };
		4F5B5E0B2926AA5E000E89B0 /* CreateProfileViewModel.swift */ = {isa = PBXFileReference; fileEncoding = 4; lastKnownFileType = sourcecode.swift; path = CreateProfileViewModel.swift; sourceTree = "<group>"; };
		4F5B5E0D2926AA5E000E89B0 /* LoginViewModel.swift */ = {isa = PBXFileReference; fileEncoding = 4; lastKnownFileType = sourcecode.swift; path = LoginViewModel.swift; sourceTree = "<group>"; };
		4F5B5E0E2926AA5E000E89B0 /* LoginView.swift */ = {isa = PBXFileReference; fileEncoding = 4; lastKnownFileType = sourcecode.swift; path = LoginView.swift; sourceTree = "<group>"; };
		4FBBA11C27977419003BC15D /* en */ = {isa = PBXFileReference; lastKnownFileType = text.plist.strings; name = en; path = en.lproj/Localizable.strings; sourceTree = "<group>"; };
		4FBBA11E27977445003BC15D /* es */ = {isa = PBXFileReference; lastKnownFileType = text.plist.strings; name = es; path = es.lproj/Localizable.strings; sourceTree = "<group>"; };
/* End PBXFileReference section */

/* Begin PBXFrameworksBuildPhase section */
		4F0899332780939A00A3BE95 /* Frameworks */ = {
			isa = PBXFrameworksBuildPhase;
			buildActionMask = 2147483647;
			files = (
				4F08996D278094E600A3BE95 /* FirebaseAuth in Frameworks */,
				4F089974278095B300A3BE95 /* GoogleSignIn in Frameworks */,
				4F31455427837E5C008D5D4A /* FirebaseFirestoreSwift-Beta in Frameworks */,
				4F08996F278094E600A3BE95 /* FirebaseFirestore in Frameworks */,
				4F089971278094E600A3BE95 /* FirebaseStorage in Frameworks */,
			);
			runOnlyForDeploymentPostprocessing = 0;
		};
		4F0899432780939B00A3BE95 /* Frameworks */ = {
			isa = PBXFrameworksBuildPhase;
			buildActionMask = 2147483647;
			files = (
			);
			runOnlyForDeploymentPostprocessing = 0;
		};
		4F08994D2780939B00A3BE95 /* Frameworks */ = {
			isa = PBXFrameworksBuildPhase;
			buildActionMask = 2147483647;
			files = (
			);
			runOnlyForDeploymentPostprocessing = 0;
		};
/* End PBXFrameworksBuildPhase section */

/* Begin PBXGroup section */
		4F08992D2780939A00A3BE95 = {
			isa = PBXGroup;
			children = (
				4F0899382780939A00A3BE95 /* tinder-clone */,
				4F0899492780939B00A3BE95 /* tinder-cloneTests */,
				4F0899532780939B00A3BE95 /* tinder-cloneUITests */,
				4F0899372780939A00A3BE95 /* Products */,
				4F31455227837E03008D5D4A /* Frameworks */,
			);
			sourceTree = "<group>";
		};
		4F0899372780939A00A3BE95 /* Products */ = {
			isa = PBXGroup;
			children = (
				4F0899362780939A00A3BE95 /* Tinder Clone.app */,
				4F0899462780939B00A3BE95 /* tinder-cloneTests.xctest */,
				4F0899502780939B00A3BE95 /* tinder-cloneUITests.xctest */,
			);
			name = Products;
			sourceTree = "<group>";
		};
		4F0899382780939A00A3BE95 /* tinder-clone */ = {
			isa = PBXGroup;
			children = (
				4F5B5DDB2926AA5E000E89B0 /* ui */,
				4F5B5DC52926AA52000E89B0 /* domain */,
				4F0899842781007900A3BE95 /* GoogleService-Info.plist */,
				4F0899752780963500A3BE95 /* Info.plist */,
				4F08993D2780939B00A3BE95 /* Assets.xcassets */,
				4F08993F2780939B00A3BE95 /* Preview Content */,
				4FBBA11D27977419003BC15D /* Localizable.strings */,
			);
			path = "tinder-clone";
			sourceTree = "<group>";
		};
		4F08993F2780939B00A3BE95 /* Preview Content */ = {
			isa = PBXGroup;
			children = (
				4F0899402780939B00A3BE95 /* Preview Assets.xcassets */,
			);
			path = "Preview Content";
			sourceTree = "<group>";
		};
		4F0899492780939B00A3BE95 /* tinder-cloneTests */ = {
			isa = PBXGroup;
			children = (
				4F08994A2780939B00A3BE95 /* tinder_cloneTests.swift */,
			);
			path = "tinder-cloneTests";
			sourceTree = "<group>";
		};
		4F0899532780939B00A3BE95 /* tinder-cloneUITests */ = {
			isa = PBXGroup;
			children = (
				4F0899542780939B00A3BE95 /* tinder_cloneUITests.swift */,
				4F0899562780939B00A3BE95 /* tinder_cloneUITestsLaunchTests.swift */,
			);
			path = "tinder-cloneUITests";
			sourceTree = "<group>";
		};
		4F31455227837E03008D5D4A /* Frameworks */ = {
			isa = PBXGroup;
			children = (
			);
			name = Frameworks;
			sourceTree = "<group>";
		};
		4F5B5DC52926AA52000E89B0 /* domain */ = {
			isa = PBXGroup;
			children = (
				4F5B5DC62926AA52000E89B0 /* repository */,
				4F5B5DC92926AA52000E89B0 /* MessageModel.swift */,
				4F5B5DCA2926AA52000E89B0 /* firestore */,
				4F5B5DCE2926AA52000E89B0 /* MatchModel.swift */,
				4F5B5DCF2926AA52000E89B0 /* UserModel.swift */,
			);
			path = domain;
			sourceTree = "<group>";
		};
		4F5B5DC62926AA52000E89B0 /* repository */ = {
			isa = PBXGroup;
			children = (
				4F5B5DC72926AA52000E89B0 /* FirestoreRepository.swift */,
				4F5B5DC82926AA52000E89B0 /* StorageRepository.swift */,
			);
			path = repository;
			sourceTree = "<group>";
		};
		4F5B5DCA2926AA52000E89B0 /* firestore */ = {
			isa = PBXGroup;
			children = (
				4F5B5DCB2926AA52000E89B0 /* FirestoreMatch.swift */,
				4F5B5DCC2926AA52000E89B0 /* FirestoreUser.swift */,
				4F5B5DCD2926AA52000E89B0 /* FirestoreMessage.swift */,
			);
			path = firestore;
			sourceTree = "<group>";
		};
		4F5B5DDB2926AA5E000E89B0 /* ui */ = {
			isa = PBXGroup;
			children = (
				4F5B5DDC2926AA5E000E89B0 /* home */,
				4F5B5DE02926AA5E000E89B0 /* app */,
				4F5B5DE42926AA5E000E89B0 /* chat */,
				4F5B5DE82926AA5E000E89B0 /* edit-profile */,
				4F5B5DEB2926AA5E000E89B0 /* camera */,
				4F5B5DEE2926AA5E000E89B0 /* matches */,
				4F5B5DF32926AA5E000E89B0 /* common */,
				4F5B5DFF2926AA5E000E89B0 /* profile */,
				4F5B5E092926AA5E000E89B0 /* create-profile */,
				4F5B5E0C2926AA5E000E89B0 /* login */,
			);
			path = ui;
			sourceTree = "<group>";
		};
		4F5B5DDC2926AA5E000E89B0 /* home */ = {
			isa = PBXGroup;
			children = (
				4F5B5DDD2926AA5E000E89B0 /* HomeViewModel.swift */,
				4F5B5DDE2926AA5E000E89B0 /* HomeView.swift */,
				4F5B5DDF2926AA5E000E89B0 /* SwipeView.swift */,
			);
			path = home;
			sourceTree = "<group>";
		};
		4F5B5DE02926AA5E000E89B0 /* app */ = {
			isa = PBXGroup;
			children = (
				4F5B5DE12926AA5E000E89B0 /* ContentViewModel.swift */,
				4F5B5DE22926AA5E000E89B0 /* ContentView.swift */,
				4F5B5DE32926AA5E000E89B0 /* tinder_cloneApp.swift */,
			);
			path = app;
			sourceTree = "<group>";
		};
		4F5B5DE42926AA5E000E89B0 /* chat */ = {
			isa = PBXGroup;
			children = (
				4F5B5DE52926AA5E000E89B0 /* ChatViewModel.swift */,
				4F5B5DE62926AA5E000E89B0 /* ChatView.swift */,
				4F5B5DE72926AA5E000E89B0 /* MessageView.swift */,
			);
			path = chat;
			sourceTree = "<group>";
		};
		4F5B5DE82926AA5E000E89B0 /* edit-profile */ = {
			isa = PBXGroup;
			children = (
				4F5B5DE92926AA5E000E89B0 /* EditProfileView.swift */,
				4F5B5DEA2926AA5E000E89B0 /* EditProfileViewModel.swift */,
			);
			path = "edit-profile";
			sourceTree = "<group>";
		};
		4F5B5DEB2926AA5E000E89B0 /* camera */ = {
			isa = PBXGroup;
			children = (
				4F5B5DEC2926AA5E000E89B0 /* CameraPreview.swift */,
				4F5B5DED2926AA5E000E89B0 /* CameraService.swift */,
			);
			path = camera;
			sourceTree = "<group>";
		};
		4F5B5DEE2926AA5E000E89B0 /* matches */ = {
			isa = PBXGroup;
			children = (
				4F5B5DEF2926AA5E000E89B0 /* ContentMessageView.swift */,
				4F5B5DF02926AA5E000E89B0 /* MatchItemView.swift */,
				4F5B5DF12926AA5E000E89B0 /* MatchListViewModel.swift */,
				4F5B5DF22926AA5E000E89B0 /* MatchListView.swift */,
			);
			path = matches;
			sourceTree = "<group>";
		};
		4F5B5DF32926AA5E000E89B0 /* common */ = {
			isa = PBXGroup;
			children = (
				4F5B5DF42926AA5E000E89B0 /* Constants.swift */,
				4F5B5DF52926AA5E000E89B0 /* TouchLocatingView.swift */,
				4F5B5DF62926AA5E000E89B0 /* ReorderableForEach.swift */,
				4F5B5DF72926AA5E000E89B0 /* ImagePicker.swift */,
				4F5B5DF82926AA5E000E89B0 /* Extensions.swift */,
				4F5B5DF92926AA5E000E89B0 /* AppColor.swift */,
				4F5B5DFA2926AA5E000E89B0 /* DropOutsideDelegate.swift */,
				4F5B5DFB2926AA5E000E89B0 /* FilledLoadingView.swift */,
				4F5B5DFC2926AA5E000E89B0 /* GradientOutlineButton.swift */,
				4F5B5DFD2926AA5E000E89B0 /* DragRelocateDelegate.swift */,
				4F5B5DFE2926AA5E000E89B0 /* LoadingView.swift */,
			);
			path = common;
			sourceTree = "<group>";
		};
		4F5B5DFF2926AA5E000E89B0 /* profile */ = {
			isa = PBXGroup;
			children = (
				4F5B5E002926AA5E000E89B0 /* ProfileSection.swift */,
				4F5B5E012926AA5E000E89B0 /* AddedImageView.swift */,
				4F5B5E022926AA5E000E89B0 /* ProfileTextEditor.swift */,
				4F5B5E032926AA5E000E89B0 /* ProfileRow.swift */,
				4F5B5E042926AA5E000E89B0 /* ProfileForm.swift */,
				4F5B5E052926AA5E000E89B0 /* AddImageView.swift */,
				4F5B5E062926AA5E000E89B0 /* ProfileLabel.swift */,
				4F5B5E072926AA5E000E89B0 /* ContentTypeView.swift */,
				4F5B5E082926AA5E000E89B0 /* PictureGridView.swift */,
			);
			path = profile;
			sourceTree = "<group>";
		};
		4F5B5E092926AA5E000E89B0 /* create-profile */ = {
			isa = PBXGroup;
			children = (
				4F5B5E0A2926AA5E000E89B0 /* CreateProfileView.swift */,
				4F5B5E0B2926AA5E000E89B0 /* CreateProfileViewModel.swift */,
			);
			path = "create-profile";
			sourceTree = "<group>";
		};
		4F5B5E0C2926AA5E000E89B0 /* login */ = {
			isa = PBXGroup;
			children = (
				4F5B5E0D2926AA5E000E89B0 /* LoginViewModel.swift */,
				4F5B5E0E2926AA5E000E89B0 /* LoginView.swift */,
			);
			path = login;
			sourceTree = "<group>";
		};
/* End PBXGroup section */

/* Begin PBXNativeTarget section */
		4F0899352780939A00A3BE95 /* tinder-clone */ = {
			isa = PBXNativeTarget;
			buildConfigurationList = 4F08995A2780939B00A3BE95 /* Build configuration list for PBXNativeTarget "tinder-clone" */;
			buildPhases = (
				4F0899322780939A00A3BE95 /* Sources */,
				4F0899332780939A00A3BE95 /* Frameworks */,
				4F0899342780939A00A3BE95 /* Resources */,
			);
			buildRules = (
			);
			dependencies = (
			);
			name = "tinder-clone";
			packageProductDependencies = (
				4F08996C278094E600A3BE95 /* FirebaseAuth */,
				4F08996E278094E600A3BE95 /* FirebaseFirestore */,
				4F089970278094E600A3BE95 /* FirebaseStorage */,
				4F089973278095B300A3BE95 /* GoogleSignIn */,
				4F31455327837E5C008D5D4A /* FirebaseFirestoreSwift-Beta */,
			);
			productName = "tinder-clone";
			productReference = 4F0899362780939A00A3BE95 /* Tinder Clone.app */;
			productType = "com.apple.product-type.application";
		};
		4F0899452780939B00A3BE95 /* tinder-cloneTests */ = {
			isa = PBXNativeTarget;
			buildConfigurationList = 4F08995D2780939B00A3BE95 /* Build configuration list for PBXNativeTarget "tinder-cloneTests" */;
			buildPhases = (
				4F0899422780939B00A3BE95 /* Sources */,
				4F0899432780939B00A3BE95 /* Frameworks */,
				4F0899442780939B00A3BE95 /* Resources */,
			);
			buildRules = (
			);
			dependencies = (
				4F0899482780939B00A3BE95 /* PBXTargetDependency */,
			);
			name = "tinder-cloneTests";
			productName = "tinder-cloneTests";
			productReference = 4F0899462780939B00A3BE95 /* tinder-cloneTests.xctest */;
			productType = "com.apple.product-type.bundle.unit-test";
		};
		4F08994F2780939B00A3BE95 /* tinder-cloneUITests */ = {
			isa = PBXNativeTarget;
			buildConfigurationList = 4F0899602780939B00A3BE95 /* Build configuration list for PBXNativeTarget "tinder-cloneUITests" */;
			buildPhases = (
				4F08994C2780939B00A3BE95 /* Sources */,
				4F08994D2780939B00A3BE95 /* Frameworks */,
				4F08994E2780939B00A3BE95 /* Resources */,
			);
			buildRules = (
			);
			dependencies = (
				4F0899522780939B00A3BE95 /* PBXTargetDependency */,
			);
			name = "tinder-cloneUITests";
			productName = "tinder-cloneUITests";
			productReference = 4F0899502780939B00A3BE95 /* tinder-cloneUITests.xctest */;
			productType = "com.apple.product-type.bundle.ui-testing";
		};
/* End PBXNativeTarget section */

/* Begin PBXProject section */
		4F08992E2780939A00A3BE95 /* Project object */ = {
			isa = PBXProject;
			attributes = {
				BuildIndependentTargetsInParallel = 1;
				LastSwiftUpdateCheck = 1310;
				LastUpgradeCheck = 1310;
				TargetAttributes = {
					4F0899352780939A00A3BE95 = {
						CreatedOnToolsVersion = 13.1;
					};
					4F0899452780939B00A3BE95 = {
						CreatedOnToolsVersion = 13.1;
						TestTargetID = 4F0899352780939A00A3BE95;
					};
					4F08994F2780939B00A3BE95 = {
						CreatedOnToolsVersion = 13.1;
						TestTargetID = 4F0899352780939A00A3BE95;
					};
				};
			};
			buildConfigurationList = 4F0899312780939A00A3BE95 /* Build configuration list for PBXProject "tinder-clone" */;
			compatibilityVersion = "Xcode 13.0";
			developmentRegion = en;
			hasScannedForEncodings = 0;
			knownRegions = (
				en,
				es,
				Base,
			);
			mainGroup = 4F08992D2780939A00A3BE95;
			packageReferences = (
				4F08996B278094E600A3BE95 /* XCRemoteSwiftPackageReference "firebase-ios-sdk" */,
				4F089972278095B300A3BE95 /* XCRemoteSwiftPackageReference "GoogleSignIn-iOS" */,
			);
			productRefGroup = 4F0899372780939A00A3BE95 /* Products */;
			projectDirPath = "";
			projectRoot = "";
			targets = (
				4F0899352780939A00A3BE95 /* tinder-clone */,
				4F0899452780939B00A3BE95 /* tinder-cloneTests */,
				4F08994F2780939B00A3BE95 /* tinder-cloneUITests */,
			);
		};
/* End PBXProject section */

/* Begin PBXResourcesBuildPhase section */
		4F0899342780939A00A3BE95 /* Resources */ = {
			isa = PBXResourcesBuildPhase;
			buildActionMask = 2147483647;
			files = (
				4F0899412780939B00A3BE95 /* Preview Assets.xcassets in Resources */,
				4FBBA11B27977419003BC15D /* Localizable.strings in Resources */,
				4F08993E2780939B00A3BE95 /* Assets.xcassets in Resources */,
				4F0899852781007900A3BE95 /* GoogleService-Info.plist in Resources */,
			);
			runOnlyForDeploymentPostprocessing = 0;
		};
		4F0899442780939B00A3BE95 /* Resources */ = {
			isa = PBXResourcesBuildPhase;
			buildActionMask = 2147483647;
			files = (
			);
			runOnlyForDeploymentPostprocessing = 0;
		};
		4F08994E2780939B00A3BE95 /* Resources */ = {
			isa = PBXResourcesBuildPhase;
			buildActionMask = 2147483647;
			files = (
			);
			runOnlyForDeploymentPostprocessing = 0;
		};
/* End PBXResourcesBuildPhase section */

/* Begin PBXSourcesBuildPhase section */
		4F0899322780939A00A3BE95 /* Sources */ = {
			isa = PBXSourcesBuildPhase;
			buildActionMask = 2147483647;
			files = (
				4F5B5E282926AA5E000E89B0 /* GradientOutlineButton.swift in Sources */,
				4F5B5E2C2926AA5E000E89B0 /* AddedImageView.swift in Sources */,
				4F5B5E1B2926AA5E000E89B0 /* CameraService.swift in Sources */,
				4F5B5E2F2926AA5E000E89B0 /* ProfileForm.swift in Sources */,
				4F5B5E2E2926AA5E000E89B0 /* ProfileRow.swift in Sources */,
				4F5B5DD22926AA52000E89B0 /* FirestoreRepository.swift in Sources */,
				4F5B5E1C2926AA5E000E89B0 /* ContentMessageView.swift in Sources */,
				4F5B5E222926AA5E000E89B0 /* ReorderableForEach.swift in Sources */,
				4F5B5E352926AA5E000E89B0 /* CreateProfileViewModel.swift in Sources */,
				4F5B5E2A2926AA5E000E89B0 /* LoadingView.swift in Sources */,
				4F5B5E2D2926AA5E000E89B0 /* ProfileTextEditor.swift in Sources */,
				4F5B5E122926AA5E000E89B0 /* ContentViewModel.swift in Sources */,
				4F5B5E132926AA5E000E89B0 /* ContentView.swift in Sources */,
				4F5B5E1A2926AA5E000E89B0 /* CameraPreview.swift in Sources */,
				4F5B5E1F2926AA5E000E89B0 /* MatchListView.swift in Sources */,
				4F5B5E252926AA5E000E89B0 /* AppColor.swift in Sources */,
				4F5B5DD82926AA52000E89B0 /* MatchModel.swift in Sources */,
				4F5B5E302926AA5E000E89B0 /* AddImageView.swift in Sources */,
				4F5B5E2B2926AA5E000E89B0 /* ProfileSection.swift in Sources */,
				4F5B5E0F2926AA5E000E89B0 /* HomeViewModel.swift in Sources */,
				4F5B5E142926AA5E000E89B0 /* tinder_cloneApp.swift in Sources */,
				4F5B5DD92926AA52000E89B0 /* UserModel.swift in Sources */,
				4F5B5E102926AA5E000E89B0 /* HomeView.swift in Sources */,
				4F5B5E342926AA5E000E89B0 /* CreateProfileView.swift in Sources */,
				4F5B5DD72926AA52000E89B0 /* FirestoreMessage.swift in Sources */,
				4F5B5E152926AA5E000E89B0 /* ChatViewModel.swift in Sources */,
				4F5B5DD62926AA52000E89B0 /* FirestoreUser.swift in Sources */,
				4F5B5E192926AA5E000E89B0 /* EditProfileViewModel.swift in Sources */,
				4F5B5E272926AA5E000E89B0 /* FilledLoadingView.swift in Sources */,
				4F5B5E1E2926AA5E000E89B0 /* MatchListViewModel.swift in Sources */,
				4F5B5E242926AA5E000E89B0 /* Extensions.swift in Sources */,
				4F5B5E172926AA5E000E89B0 /* MessageView.swift in Sources */,
				4F5B5E182926AA5E000E89B0 /* EditProfileView.swift in Sources */,
				4F5B5E362926AA5E000E89B0 /* LoginViewModel.swift in Sources */,
				4F5B5E162926AA5E000E89B0 /* ChatView.swift in Sources */,
				4F5B5DD42926AA52000E89B0 /* MessageModel.swift in Sources */,
				4F5B5E112926AA5E000E89B0 /* SwipeView.swift in Sources */,
				4F5B5E372926AA5E000E89B0 /* LoginView.swift in Sources */,
				4F5B5E332926AA5E000E89B0 /* PictureGridView.swift in Sources */,
				4F5B5E1D2926AA5E000E89B0 /* MatchItemView.swift in Sources */,
				4F5B5DD32926AA52000E89B0 /* StorageRepository.swift in Sources */,
				4F5B5E212926AA5E000E89B0 /* TouchLocatingView.swift in Sources */,
				4F5B5E312926AA5E000E89B0 /* ProfileLabel.swift in Sources */,
				4F5B5E232926AA5E000E89B0 /* ImagePicker.swift in Sources */,
				4F5B5E262926AA5E000E89B0 /* DropOutsideDelegate.swift in Sources */,
				4F5B5E292926AA5E000E89B0 /* DragRelocateDelegate.swift in Sources */,
				4F5B5E322926AA5E000E89B0 /* ContentTypeView.swift in Sources */,
				4F5B5DD52926AA52000E89B0 /* FirestoreMatch.swift in Sources */,
				4F5B5E202926AA5E000E89B0 /* Constants.swift in Sources */,
			);
			runOnlyForDeploymentPostprocessing = 0;
		};
		4F0899422780939B00A3BE95 /* Sources */ = {
			isa = PBXSourcesBuildPhase;
			buildActionMask = 2147483647;
			files = (
				4F08994B2780939B00A3BE95 /* tinder_cloneTests.swift in Sources */,
			);
			runOnlyForDeploymentPostprocessing = 0;
		};
		4F08994C2780939B00A3BE95 /* Sources */ = {
			isa = PBXSourcesBuildPhase;
			buildActionMask = 2147483647;
			files = (
				4F0899572780939B00A3BE95 /* tinder_cloneUITestsLaunchTests.swift in Sources */,
				4F0899552780939B00A3BE95 /* tinder_cloneUITests.swift in Sources */,
			);
			runOnlyForDeploymentPostprocessing = 0;
		};
/* End PBXSourcesBuildPhase section */

/* Begin PBXTargetDependency section */
		4F0899482780939B00A3BE95 /* PBXTargetDependency */ = {
			isa = PBXTargetDependency;
			target = 4F0899352780939A00A3BE95 /* tinder-clone */;
			targetProxy = 4F0899472780939B00A3BE95 /* PBXContainerItemProxy */;
		};
		4F0899522780939B00A3BE95 /* PBXTargetDependency */ = {
			isa = PBXTargetDependency;
			target = 4F0899352780939A00A3BE95 /* tinder-clone */;
			targetProxy = 4F0899512780939B00A3BE95 /* PBXContainerItemProxy */;
		};
/* End PBXTargetDependency section */

/* Begin PBXVariantGroup section */
		4FBBA11D27977419003BC15D /* Localizable.strings */ = {
			isa = PBXVariantGroup;
			children = (
				4FBBA11C27977419003BC15D /* en */,
				4FBBA11E27977445003BC15D /* es */,
			);
			name = Localizable.strings;
			sourceTree = "<group>";
		};
/* End PBXVariantGroup section */

/* Begin XCBuildConfiguration section */
		4F0899582780939B00A3BE95 /* Debug */ = {
			isa = XCBuildConfiguration;
			buildSettings = {
				ALWAYS_SEARCH_USER_PATHS = NO;
				CLANG_ANALYZER_LOCALIZABILITY_NONLOCALIZED = YES;
				CLANG_ANALYZER_NONNULL = YES;
				CLANG_ANALYZER_NUMBER_OBJECT_CONVERSION = YES_AGGRESSIVE;
				CLANG_CXX_LANGUAGE_STANDARD = "gnu++17";
				CLANG_CXX_LIBRARY = "libc++";
				CLANG_ENABLE_MODULES = YES;
				CLANG_ENABLE_OBJC_ARC = YES;
				CLANG_ENABLE_OBJC_WEAK = YES;
				CLANG_WARN_BLOCK_CAPTURE_AUTORELEASING = YES;
				CLANG_WARN_BOOL_CONVERSION = YES;
				CLANG_WARN_COMMA = YES;
				CLANG_WARN_CONSTANT_CONVERSION = YES;
				CLANG_WARN_DEPRECATED_OBJC_IMPLEMENTATIONS = YES;
				CLANG_WARN_DIRECT_OBJC_ISA_USAGE = YES_ERROR;
				CLANG_WARN_DOCUMENTATION_COMMENTS = YES;
				CLANG_WARN_EMPTY_BODY = YES;
				CLANG_WARN_ENUM_CONVERSION = YES;
				CLANG_WARN_INFINITE_RECURSION = YES;
				CLANG_WARN_INT_CONVERSION = YES;
				CLANG_WARN_NON_LITERAL_NULL_CONVERSION = YES;
				CLANG_WARN_OBJC_IMPLICIT_RETAIN_SELF = YES;
				CLANG_WARN_OBJC_LITERAL_CONVERSION = YES;
				CLANG_WARN_OBJC_ROOT_CLASS = YES_ERROR;
				CLANG_WARN_QUOTED_INCLUDE_IN_FRAMEWORK_HEADER = YES;
				CLANG_WARN_RANGE_LOOP_ANALYSIS = YES;
				CLANG_WARN_STRICT_PROTOTYPES = YES;
				CLANG_WARN_SUSPICIOUS_MOVE = YES;
				CLANG_WARN_UNGUARDED_AVAILABILITY = YES_AGGRESSIVE;
				CLANG_WARN_UNREACHABLE_CODE = YES;
				CLANG_WARN__DUPLICATE_METHOD_MATCH = YES;
				COPY_PHASE_STRIP = NO;
				DEBUG_INFORMATION_FORMAT = dwarf;
				ENABLE_STRICT_OBJC_MSGSEND = YES;
				ENABLE_TESTABILITY = YES;
				GCC_C_LANGUAGE_STANDARD = gnu11;
				GCC_DYNAMIC_NO_PIC = NO;
				GCC_NO_COMMON_BLOCKS = YES;
				GCC_OPTIMIZATION_LEVEL = 0;
				GCC_PREPROCESSOR_DEFINITIONS = (
					"DEBUG=1",
					"$(inherited)",
				);
				GCC_WARN_64_TO_32_BIT_CONVERSION = YES;
				GCC_WARN_ABOUT_RETURN_TYPE = YES_ERROR;
				GCC_WARN_UNDECLARED_SELECTOR = YES;
				GCC_WARN_UNINITIALIZED_AUTOS = YES_AGGRESSIVE;
				GCC_WARN_UNUSED_FUNCTION = YES;
				GCC_WARN_UNUSED_VARIABLE = YES;
				IPHONEOS_DEPLOYMENT_TARGET = 15.0;
				MTL_ENABLE_DEBUG_INFO = INCLUDE_SOURCE;
				MTL_FAST_MATH = YES;
				ONLY_ACTIVE_ARCH = YES;
				SDKROOT = iphoneos;
				SWIFT_ACTIVE_COMPILATION_CONDITIONS = DEBUG;
				SWIFT_OPTIMIZATION_LEVEL = "-Onone";
			};
			name = Debug;
		};
		4F0899592780939B00A3BE95 /* Release */ = {
			isa = XCBuildConfiguration;
			buildSettings = {
				ALWAYS_SEARCH_USER_PATHS = NO;
				CLANG_ANALYZER_LOCALIZABILITY_NONLOCALIZED = YES;
				CLANG_ANALYZER_NONNULL = YES;
				CLANG_ANALYZER_NUMBER_OBJECT_CONVERSION = YES_AGGRESSIVE;
				CLANG_CXX_LANGUAGE_STANDARD = "gnu++17";
				CLANG_CXX_LIBRARY = "libc++";
				CLANG_ENABLE_MODULES = YES;
				CLANG_ENABLE_OBJC_ARC = YES;
				CLANG_ENABLE_OBJC_WEAK = YES;
				CLANG_WARN_BLOCK_CAPTURE_AUTORELEASING = YES;
				CLANG_WARN_BOOL_CONVERSION = YES;
				CLANG_WARN_COMMA = YES;
				CLANG_WARN_CONSTANT_CONVERSION = YES;
				CLANG_WARN_DEPRECATED_OBJC_IMPLEMENTATIONS = YES;
				CLANG_WARN_DIRECT_OBJC_ISA_USAGE = YES_ERROR;
				CLANG_WARN_DOCUMENTATION_COMMENTS = YES;
				CLANG_WARN_EMPTY_BODY = YES;
				CLANG_WARN_ENUM_CONVERSION = YES;
				CLANG_WARN_INFINITE_RECURSION = YES;
				CLANG_WARN_INT_CONVERSION = YES;
				CLANG_WARN_NON_LITERAL_NULL_CONVERSION = YES;
				CLANG_WARN_OBJC_IMPLICIT_RETAIN_SELF = YES;
				CLANG_WARN_OBJC_LITERAL_CONVERSION = YES;
				CLANG_WARN_OBJC_ROOT_CLASS = YES_ERROR;
				CLANG_WARN_QUOTED_INCLUDE_IN_FRAMEWORK_HEADER = YES;
				CLANG_WARN_RANGE_LOOP_ANALYSIS = YES;
				CLANG_WARN_STRICT_PROTOTYPES = YES;
				CLANG_WARN_SUSPICIOUS_MOVE = YES;
				CLANG_WARN_UNGUARDED_AVAILABILITY = YES_AGGRESSIVE;
				CLANG_WARN_UNREACHABLE_CODE = YES;
				CLANG_WARN__DUPLICATE_METHOD_MATCH = YES;
				COPY_PHASE_STRIP = NO;
				DEBUG_INFORMATION_FORMAT = "dwarf-with-dsym";
				ENABLE_NS_ASSERTIONS = NO;
				ENABLE_STRICT_OBJC_MSGSEND = YES;
				GCC_C_LANGUAGE_STANDARD = gnu11;
				GCC_NO_COMMON_BLOCKS = YES;
				GCC_WARN_64_TO_32_BIT_CONVERSION = YES;
				GCC_WARN_ABOUT_RETURN_TYPE = YES_ERROR;
				GCC_WARN_UNDECLARED_SELECTOR = YES;
				GCC_WARN_UNINITIALIZED_AUTOS = YES_AGGRESSIVE;
				GCC_WARN_UNUSED_FUNCTION = YES;
				GCC_WARN_UNUSED_VARIABLE = YES;
				IPHONEOS_DEPLOYMENT_TARGET = 15.0;
				MTL_ENABLE_DEBUG_INFO = NO;
				MTL_FAST_MATH = YES;
				SDKROOT = iphoneos;
				SWIFT_COMPILATION_MODE = wholemodule;
				SWIFT_OPTIMIZATION_LEVEL = "-O";
				VALIDATE_PRODUCT = YES;
			};
			name = Release;
		};
		4F08995B2780939B00A3BE95 /* Debug */ = {
			isa = XCBuildConfiguration;
			buildSettings = {
				ASSETCATALOG_COMPILER_APPICON_NAME = AppIcon;
				ASSETCATALOG_COMPILER_GLOBAL_ACCENT_COLOR_NAME = AccentColor;
				CODE_SIGN_STYLE = Automatic;
				CURRENT_PROJECT_VERSION = 1;
				DEVELOPMENT_ASSET_PATHS = "\"tinder-clone/Preview Content\"";
				DEVELOPMENT_TEAM = WB5S22UYW3;
				ENABLE_PREVIEWS = YES;
				GENERATE_INFOPLIST_FILE = YES;
				INFOPLIST_FILE = "tinder-clone/Info.plist";
				INFOPLIST_KEY_UIApplicationSceneManifest_Generation = YES;
				INFOPLIST_KEY_UIApplicationSupportsIndirectInputEvents = YES;
				INFOPLIST_KEY_UILaunchScreen_Generation = YES;
				INFOPLIST_KEY_UISupportedInterfaceOrientations_iPad = "UIInterfaceOrientationPortrait UIInterfaceOrientationPortraitUpsideDown UIInterfaceOrientationLandscapeLeft UIInterfaceOrientationLandscapeRight";
				INFOPLIST_KEY_UISupportedInterfaceOrientations_iPhone = "UIInterfaceOrientationPortrait UIInterfaceOrientationLandscapeLeft UIInterfaceOrientationLandscapeRight";
				IPHONEOS_DEPLOYMENT_TARGET = 15.0;
				LD_RUNPATH_SEARCH_PATHS = (
					"$(inherited)",
					"@executable_path/Frameworks",
				);
				MARKETING_VERSION = 1.0;
				PRODUCT_BUNDLE_IDENTIFIER = "com.alexpi.tinder-clone";
				PRODUCT_NAME = "Tinder Clone";
				SWIFT_EMIT_LOC_STRINGS = YES;
				SWIFT_VERSION = 5.0;
				TARGETED_DEVICE_FAMILY = "1,2";
			};
			name = Debug;
		};
		4F08995C2780939B00A3BE95 /* Release */ = {
			isa = XCBuildConfiguration;
			buildSettings = {
				ASSETCATALOG_COMPILER_APPICON_NAME = AppIcon;
				ASSETCATALOG_COMPILER_GLOBAL_ACCENT_COLOR_NAME = AccentColor;
				CODE_SIGN_STYLE = Automatic;
				CURRENT_PROJECT_VERSION = 1;
				DEVELOPMENT_ASSET_PATHS = "\"tinder-clone/Preview Content\"";
				DEVELOPMENT_TEAM = WB5S22UYW3;
				ENABLE_PREVIEWS = YES;
				GENERATE_INFOPLIST_FILE = YES;
				INFOPLIST_FILE = "tinder-clone/Info.plist";
				INFOPLIST_KEY_UIApplicationSceneManifest_Generation = YES;
				INFOPLIST_KEY_UIApplicationSupportsIndirectInputEvents = YES;
				INFOPLIST_KEY_UILaunchScreen_Generation = YES;
				INFOPLIST_KEY_UISupportedInterfaceOrientations_iPad = "UIInterfaceOrientationPortrait UIInterfaceOrientationPortraitUpsideDown UIInterfaceOrientationLandscapeLeft UIInterfaceOrientationLandscapeRight";
				INFOPLIST_KEY_UISupportedInterfaceOrientations_iPhone = "UIInterfaceOrientationPortrait UIInterfaceOrientationLandscapeLeft UIInterfaceOrientationLandscapeRight";
				IPHONEOS_DEPLOYMENT_TARGET = 15.0;
				LD_RUNPATH_SEARCH_PATHS = (
					"$(inherited)",
					"@executable_path/Frameworks",
				);
				MARKETING_VERSION = 1.0;
				PRODUCT_BUNDLE_IDENTIFIER = "com.alexpi.tinder-clone";
				PRODUCT_NAME = "Tinder Clone";
				SWIFT_EMIT_LOC_STRINGS = YES;
				SWIFT_VERSION = 5.0;
				TARGETED_DEVICE_FAMILY = "1,2";
			};
			name = Release;
		};
		4F08995E2780939B00A3BE95 /* Debug */ = {
			isa = XCBuildConfiguration;
			buildSettings = {
				ALWAYS_EMBED_SWIFT_STANDARD_LIBRARIES = YES;
				BUNDLE_LOADER = "$(TEST_HOST)";
				CODE_SIGN_STYLE = Automatic;
				CURRENT_PROJECT_VERSION = 1;
				DEVELOPMENT_TEAM = WB5S22UYW3;
				GENERATE_INFOPLIST_FILE = YES;
				IPHONEOS_DEPLOYMENT_TARGET = 15.0;
				LD_RUNPATH_SEARCH_PATHS = (
					"$(inherited)",
					"@executable_path/Frameworks",
					"@loader_path/Frameworks",
				);
				MARKETING_VERSION = 1.0;
				PRODUCT_BUNDLE_IDENTIFIER = "com.alexpi.tinder-cloneTests";
				PRODUCT_NAME = "$(TARGET_NAME)";
				SWIFT_EMIT_LOC_STRINGS = NO;
				SWIFT_VERSION = 5.0;
				TARGETED_DEVICE_FAMILY = "1,2";
				TEST_HOST = "$(BUILT_PRODUCTS_DIR)/Tinder Clone.app/Tinder Clone";
			};
			name = Debug;
		};
		4F08995F2780939B00A3BE95 /* Release */ = {
			isa = XCBuildConfiguration;
			buildSettings = {
				ALWAYS_EMBED_SWIFT_STANDARD_LIBRARIES = YES;
				BUNDLE_LOADER = "$(TEST_HOST)";
				CODE_SIGN_STYLE = Automatic;
				CURRENT_PROJECT_VERSION = 1;
				DEVELOPMENT_TEAM = WB5S22UYW3;
				GENERATE_INFOPLIST_FILE = YES;
				IPHONEOS_DEPLOYMENT_TARGET = 15.0;
				LD_RUNPATH_SEARCH_PATHS = (
					"$(inherited)",
					"@executable_path/Frameworks",
					"@loader_path/Frameworks",
				);
				MARKETING_VERSION = 1.0;
				PRODUCT_BUNDLE_IDENTIFIER = "com.alexpi.tinder-cloneTests";
				PRODUCT_NAME = "$(TARGET_NAME)";
				SWIFT_EMIT_LOC_STRINGS = NO;
				SWIFT_VERSION = 5.0;
				TARGETED_DEVICE_FAMILY = "1,2";
				TEST_HOST = "$(BUILT_PRODUCTS_DIR)/Tinder Clone.app/Tinder Clone";
			};
			name = Release;
		};
		4F0899612780939B00A3BE95 /* Debug */ = {
			isa = XCBuildConfiguration;
			buildSettings = {
				ALWAYS_EMBED_SWIFT_STANDARD_LIBRARIES = YES;
				CODE_SIGN_STYLE = Automatic;
				CURRENT_PROJECT_VERSION = 1;
				DEVELOPMENT_TEAM = WB5S22UYW3;
				GENERATE_INFOPLIST_FILE = YES;
				LD_RUNPATH_SEARCH_PATHS = (
					"$(inherited)",
					"@executable_path/Frameworks",
					"@loader_path/Frameworks",
				);
				MARKETING_VERSION = 1.0;
				PRODUCT_BUNDLE_IDENTIFIER = "com.alexpi.tinder-cloneUITests";
				PRODUCT_NAME = "$(TARGET_NAME)";
				SWIFT_EMIT_LOC_STRINGS = NO;
				SWIFT_VERSION = 5.0;
				TARGETED_DEVICE_FAMILY = "1,2";
				TEST_TARGET_NAME = "tinder-clone";
			};
			name = Debug;
		};
		4F0899622780939B00A3BE95 /* Release */ = {
			isa = XCBuildConfiguration;
			buildSettings = {
				ALWAYS_EMBED_SWIFT_STANDARD_LIBRARIES = YES;
				CODE_SIGN_STYLE = Automatic;
				CURRENT_PROJECT_VERSION = 1;
				DEVELOPMENT_TEAM = WB5S22UYW3;
				GENERATE_INFOPLIST_FILE = YES;
				LD_RUNPATH_SEARCH_PATHS = (
					"$(inherited)",
					"@executable_path/Frameworks",
					"@loader_path/Frameworks",
				);
				MARKETING_VERSION = 1.0;
				PRODUCT_BUNDLE_IDENTIFIER = "com.alexpi.tinder-cloneUITests";
				PRODUCT_NAME = "$(TARGET_NAME)";
				SWIFT_EMIT_LOC_STRINGS = NO;
				SWIFT_VERSION = 5.0;
				TARGETED_DEVICE_FAMILY = "1,2";
				TEST_TARGET_NAME = "tinder-clone";
			};
			name = Release;
		};
/* End XCBuildConfiguration section */

/* Begin XCConfigurationList section */
		4F0899312780939A00A3BE95 /* Build configuration list for PBXProject "tinder-clone" */ = {
			isa = XCConfigurationList;
			buildConfigurations = (
				4F0899582780939B00A3BE95 /* Debug */,
				4F0899592780939B00A3BE95 /* Release */,
			);
			defaultConfigurationIsVisible = 0;
			defaultConfigurationName = Release;
		};
		4F08995A2780939B00A3BE95 /* Build configuration list for PBXNativeTarget "tinder-clone" */ = {
			isa = XCConfigurationList;
			buildConfigurations = (
				4F08995B2780939B00A3BE95 /* Debug */,
				4F08995C2780939B00A3BE95 /* Release */,
			);
			defaultConfigurationIsVisible = 0;
			defaultConfigurationName = Release;
		};
		4F08995D2780939B00A3BE95 /* Build configuration list for PBXNativeTarget "tinder-cloneTests" */ = {
			isa = XCConfigurationList;
			buildConfigurations = (
				4F08995E2780939B00A3BE95 /* Debug */,
				4F08995F2780939B00A3BE95 /* Release */,
			);
			defaultConfigurationIsVisible = 0;
			defaultConfigurationName = Release;
		};
		4F0899602780939B00A3BE95 /* Build configuration list for PBXNativeTarget "tinder-cloneUITests" */ = {
			isa = XCConfigurationList;
			buildConfigurations = (
				4F0899612780939B00A3BE95 /* Debug */,
				4F0899622780939B00A3BE95 /* Release */,
			);
			defaultConfigurationIsVisible = 0;
			defaultConfigurationName = Release;
		};
/* End XCConfigurationList section */

/* Begin XCRemoteSwiftPackageReference section */
		4F08996B278094E600A3BE95 /* XCRemoteSwiftPackageReference "firebase-ios-sdk" */ = {
			isa = XCRemoteSwiftPackageReference;
			repositoryURL = "https://github.com/firebase/firebase-ios-sdk";
			requirement = {
				branch = master;
				kind = branch;
			};
		};
		4F089972278095B300A3BE95 /* XCRemoteSwiftPackageReference "GoogleSignIn-iOS" */ = {
			isa = XCRemoteSwiftPackageReference;
			repositoryURL = "https://github.com/google/GoogleSignIn-iOS";
			requirement = {
				kind = upToNextMajorVersion;
				minimumVersion = 6.0.0;
			};
		};
/* End XCRemoteSwiftPackageReference section */

/* Begin XCSwiftPackageProductDependency section */
		4F08996C278094E600A3BE95 /* FirebaseAuth */ = {
			isa = XCSwiftPackageProductDependency;
			package = 4F08996B278094E600A3BE95 /* XCRemoteSwiftPackageReference "firebase-ios-sdk" */;
			productName = FirebaseAuth;
		};
		4F08996E278094E600A3BE95 /* FirebaseFirestore */ = {
			isa = XCSwiftPackageProductDependency;
			package = 4F08996B278094E600A3BE95 /* XCRemoteSwiftPackageReference "firebase-ios-sdk" */;
			productName = FirebaseFirestore;
		};
		4F089970278094E600A3BE95 /* FirebaseStorage */ = {
			isa = XCSwiftPackageProductDependency;
			package = 4F08996B278094E600A3BE95 /* XCRemoteSwiftPackageReference "firebase-ios-sdk" */;
			productName = FirebaseStorage;
		};
		4F089973278095B300A3BE95 /* GoogleSignIn */ = {
			isa = XCSwiftPackageProductDependency;
			package = 4F089972278095B300A3BE95 /* XCRemoteSwiftPackageReference "GoogleSignIn-iOS" */;
			productName = GoogleSignIn;
		};
		4F31455327837E5C008D5D4A /* FirebaseFirestoreSwift-Beta */ = {
			isa = XCSwiftPackageProductDependency;
			package = 4F08996B278094E600A3BE95 /* XCRemoteSwiftPackageReference "firebase-ios-sdk" */;
			productName = "FirebaseFirestoreSwift-Beta";
		};
/* End XCSwiftPackageProductDependency section */
	};
	rootObject = 4F08992E2780939A00A3BE95 /* Project object */;
}
